
Microsoft Visual Studio Solution File, Format Version 12.00
# Visual Studio Version 17
VisualStudioVersion = 17.5.33530.505
MinimumVisualStudioVersion = 10.0.40219.1
Project("{FAE04EC0-301F-11D3-BF4B-00C04F79EFBC}") = "Dictionary", "Dictionary\Dictionary.csproj", "{025761FD-4544-4477-985A-26F9B988A5BC}"
EndProject
Global
	GlobalSection(SolutionConfigurationPlatforms) = preSolution
		Debug|Any CPU = Debug|Any CPU
		Release|Any CPU = Release|Any CPU
	EndGlobalSection
	GlobalSection(ProjectConfigurationPlatforms) = postSolution
		{025761FD-4544-4477-985A-26F9B988A5BC}.Debug|Any CPU.ActiveCfg = Debug|Any CPU
		{025761FD-4544-4477-985A-26F9B988A5BC}.Debug|Any CPU.Build.0 = Debug|Any CPU
		{025761FD-4544-4477-985A-26F9B988A5BC}.Release|Any CPU.ActiveCfg = Release|Any CPU
		{025761FD-4544-4477-985A-26F9B988A5BC}.Release|Any CPU.Build.0 = Release|Any CPU
	EndGlobalSection
	GlobalSection(SolutionProperties) = preSolution
		HideSolutionNode = FALSE
	EndGlobalSection
	GlobalSection(ExtensibilityGlobals) = postSolution
		SolutionGuid = {9D18DE5A-1459-4CB7-96AF-4F99EA581772}
	EndGlobalSection
EndGlobal
